github.com/alicebob/gopher-json v0.0.0-20230218143504-906a9b012302 h1:uvdUDbHQHO85qeSydJtItA4T55Pw6BtAejd0APRJOCE=
github.com/alicebob/gopher-json v0.0.0-20230218143504-906a9b012302/go.mod h1:SGnFV6hVsYE877CKEZ6tDNTjaSXYUk6QqoIK6PrAtcc=
github.com/alicebob/miniredis/v2 v2.34.0 h1:mBFWMaJSNL9RwdGRyEDoAAv8OQc5UlEhLDQggTglU/0=
github.com/alicebob/miniredis/v2 v2.34.0/go.mod h1:kWShP4b58T1CW0Y5dViCd5ztzrDqRWqM3nksiyXk5s8=
github.com/bsm/ginkgo/v2 v2.12.0 h1:Ny8MWAHyOepLGlLKYmXG4IEkioBysk6GpaRTLC8zwWs=
github.com/bsm/ginkgo/v2 v2.12.0/go.mod h1:SwYbGRRDovPVboqFv0tPTcG1sN61LM1Z4ARdbAV9g4c=
github.com/bsm/gomega v1.27.10 h1:yeMWxP2pV2fG3FgAODIY8EiRE3dy0aeFYt4l7wh6yKA=
github.com/bsm/gomega v1.27.10/go.mod h1:JyEr/xRbxbtgWNi8tIEVPUYZ5Dzef52k01W3YH0H+O0=
github.com/cespare/xxhash/v2 v2.3.0 h1:UL815xU9SqsFlibzuggzjXhog7bL6oX9BbNZnL2UFvs=
github.com/cespare/xxhash/v2 v2.3.0/go.mod h1:VGX0DQ3Q6kWi7AoAeZDth3/j3BFtOZR5XLFGgcrjCOs=
github.com/coreos/go-oidc/v3 v3.20.0 h1:EtE0WIBHk03N+DqGkY4+UONzzZHk7amKt6IyNd7OsZE=
github.com/coreos/go-oidc/v3 v3.20.0/go.mod h1:DYCf24+ncYi+XkIH97GY1+dqoRlbaSI26KVTCI9SrY4=
github.com/davecgh/go-spew v1.1.0/go.mod h1:J7Y8YcW2NihsgmVo/mv3lAwl/skON4iLHjSsI+c5H38=
github.com/davecgh/go-spew v1.1.1 h1:vj9j/u1bqnvCEfJOwUhtlOARqs3+rkHYY13jYWTU97c=
github.com/davecgh/go-spew v1.1.1/go.mod h1:J7Y8YcW2NihsgmVo/mv3lAwl/skON4iLHjSsI+c5H38=
github.com/dustin/go-humanize v1.0.1 h1:GzkhY7T5VNhEkwH0PVJgjz+fX1rhBrR7pRT3mDkpeCY=
github.com/dustin/go-humanize v1.0.1/go.mod h1:Mu1zIs6XwVuF/gI1OepvI0qD18qycQx+mFykh5fBlto=
github.com/go-jose/go-jose/v4 v4.1.4 h1:moDMcTHmvE6Groj34emNPLs/qtYXRVcd6S7NHbHz3kA=
github.com/go-jose/go-jose/v4 v4.1.4/go.mod h1:x4oUasVrzR7071A4TnHLGSPpNOm2a21K9Kf04k1rs08=
github.com/go-logr/logr v1.2.2/go.mod h1:jdQByPbusPIv2/zmleS9BjJVeZ6kBagPoEUsqbVz/1A=
github.com/go-logr/logr v1.4.3 h1:CjnDlHq8ikf6E492q6eKboGOC0T8CDaOvkHCIg8idEI=
github.com/go-logr/logr v1.4.3/go.mod h1:9T104GzyrTigFIr8wt5mBrctHMim0Nb2HLGrmQ40KvY=
github.com/go-logr/logr v1.4.4 h1:tG4xh9yMsRCAiodLVTxyrkzSZ9+o0L1Kg/+cPVcbP/8=
github.com/go-logr/logr v1.4.4/go.mod h1:9T104GzyrTigFIr8wt5mBrctHMim0Nb2HLGrmQ40KvY=
github.com/go-logr/stdr v1.2.2 h1:hSWxHoqTgW2S2qGc0LTAI563KZ5YKYRhT3MFKZMbjag=
github.com/go-logr/stdr v1.2.2/go.mod h1:mMo/vtBO5dYbehREoey6XUKy/eSumjCCveDpRre4VKE=
github.com/golang/protobuf v1.5.4 h1:i7eJL8qZTpSEXOPTxNKhASYpMn+8e5Q6AdndVa1dWek=
github.com/golang/protobuf v1.5.4/go.mod h1:lnTiLA8Wa4RWRcIUkrtSVa5nRhsEGBg48fD6rSs7xps=
github.com/google/go-cmp v0.7.0 h1:wk8382ETsv4JYUZwIsn6YpYiWiBsYLSJiTsyBybVuN8=
github.com/google/go-cmp v0.7.0/go.mod h1:pXiqmnSA92OHEEa9HXL2W4E7lf9JzCmGVUdgjX3N/iU=
github.com/google/pprof v0.0.0-20240409012703-83162a5b38cd h1:gbpYu9NMq8jhDVbvlGkMFWCjLFlqqEZjEmObmhUy6Vo=
github.com/google/pprof v0.0.0-20240409012703-83162a5b38cd/go.mod h1:kf6iHlnVGwgKolg33glAes7Yg/8iWP8ukqeldJSO7jw=
github.com/google/uuid v1.6.0 h1:NIvaJDMOsjHA8n1jAhLSgzrAzy1Hgr+hNrb57e+94F0=
github.com/google/uuid v1.6.0/go.mod h1:TIyPZe4MgqvfeYDBFedMoGGpEw/LqOeaOT+nhxU+yHo=
github.com/graphql-go/graphql v0.8.1 h1:p7/Ou/WpmulocJeEx7wjQy611rtXGQaAcXGqanuMMgc=
github.com/graphql-go/graphql v0.8.1/go.mod h1:nKiHzRM0qopJEwCITUuIsxk9PlVlwIiiI8pnJEhordQ=
github.com/jackc/pgpassfile v1.0.0 h1:/6Hmqy13Ss2zCq62VdNG8tM1wchn8zjSGOBJ6icpsIM=
github.com/jackc/pgpassfile v1.0.0/go.mod h1:CEx0iS5ambNFdcRtxPj5JhEz+xB6uRky5eyVu/W2HEg=
github.com/jackc/pgservicefile v0.0.0-20240606120523-5a60cdf6a761 h1:iCEnooe7UlwOQYpKFhBabPMi4aNAfoODPEFNiAnClxo=
github.com/jackc/pgservicefile v0.0.0-20240606120523-5a60cdf6a761/go.mod h1:5TJZWKEWniPve33vlWYSoGYefn3gLQRzjfDlhSJ9ZKM=
github.com/jackc/pgx/v5 v5.9.2 h1:3ZhOzMWnR4yJ+RW1XImIPsD1aNSz4T4fyP7zlQb56hw=
github.com/jackc/pgx/v5 v5.9.2/go.mod h1:mal1tBGAFfLHvZzaYh77YS/eC6IX9OWbRV1QIIM0Jn4=
github.com/jackc/puddle/v2 v2.2.2 h1:PR8nw+E/1w0GLuRFSmiioY6UooMp6KJv0/61nB7icHo=
github.com/jackc/puddle/v2 v2.2.2/go.mod h1:vriiEXHvEE654aYKXXjOvZM39qJ0q+azkZFrfEOc3H4=
github.com/klauspost/cpuid/v2 v2.2.10 h1:tBs3QSyvjDyFTq3uoc/9xFpCuOsJQFNPiAhYdw2skhE=
github.com/klauspost/cpuid/v2 v2.2.10/go.mod h1:hqwkgyIinND0mEev00jJYCxPNVRVXFQeu1XKlok6oO0=
github.com/mattn/go-isatty v0.0.20 h1:xfD0iDuEKnDkl03q4limB+vH+GxLEtL/jb4xVJSWWEY=
github.com/mattn/go-isatty v0.0.20/go.mod h1:W+V8PltTTMOvKvAeJH7IuucS94S2C6jfK/D7dTCTo3Y=
github.com/ncruces/go-strftime v0.1.9 h1:bY0MQC28UADQmHmaF5dgpLmImcShSi2kHU9XLdhx/f4=
github.com/ncruces/go-strftime v0.1.9/go.mod h1:Fwc5htZGVVkseilnfgOVb9mKy6w1naJmn9CehxcKcls=
github.com/pmezard/go-difflib v1.0.0 h1:4DBwDE0NGyQoBHbLQYPwSUPoCMWR5BEzIk/f1lZbAQM=
github.com/pmezard/go-difflib v1.0.0/go.mod h1:iKH77koFhYxTK1pcRnkKkqfTogsbg7gZNVY4sRDYZ/4=
github.com/redis/go-redis/v9 v9.22.0 h1:laDvpYXTJtZLloinw1fA5Kqd6HAEH2XKxOkG/PDq2F0=
github.com/redis/go-redis/v9 v9.22.0/go.mod h1:y2g0Wj8rQvuK0ELM+oxSudcLtC09JScs98I/X9gRWY4=
github.com/remyoudompheng/bigfft v0.0.0-20230129092748-24d4a6f8daec h1:W09IVJc94icq4NjY3clb7Lk8O1qJ8BdBEF8z0ibU0rE=
github.com/remyoudompheng/bigfft v0.0.0-20230129092748-24d4a6f8daec/go.mod h1:qqbHyh8v60DhA7CoWK5oRCqLrMHRGoxYCSS9EjAz6Eo=
github.com/stretchr/objx v0.1.0/go.mod h1:HFkY916IF+rwdDfMAkV7OtwuqBVzrE8GR6GFx+wExME=
github.com/stretchr/testify v1.3.0/go.mod h1:M5WIy9Dh21IEIfnGCwXGc5bZfKNJtfHm1UVUgZn+9EI=
github.com/stretchr/testify v1.7.0/go.mod h1:6Fq8oRcR53rry900zMqJjRRixrwX3KX962/h/Wwjteg=
github.com/stretchr/testify v1.11.1 h1:7s2iGBzp5EwR7/aIZr8ao5+dra3wiQyKjjFuvgVKu7U=
github.com/stretchr/testify v1.11.1/go.mod h1:wZwfW3scLgRK+23gO65QZefKpKQRnfz6sD981Nm4B6U=
github.com/yuin/gopher-lua v1.1.1 h1:kYKnWBjvbNP4XLT3+bPEwAXJx262OhaHDWDVOPjL46M=
github.com/yuin/gopher-lua v1.1.1/go.mod h1:GBR0iDaNXjAgGg9zfCvksxSRnQx76gclCIb7kdAd1Pw=
github.com/zeebo/xxh3 v1.1.0 h1:s7DLGDK45Dyfg7++yxI0khrfwq9661w9EN78eP/UZVs=
github.com/zeebo/xxh3 v1.1.0/go.mod h1:IisAie1LELR4xhVinxWS5+zf1lA4p0MW4T+w+W07F5s=
go.opentelemetry.io/auto/sdk v1.2.1 h1:jXsnJ4Lmnqd11kwkBV2LgLoFMZKizbCi5fNZ/ipaZ64=
go.opentelemetry.io/auto/sdk v1.2.1/go.mod h1:KRTj+aOaElaLi+wW1kO/DZRXwkF4C5xPbEe3ZiIhN7Y=
go.opentelemetry.io/otel v1.44.0 h1:JjwHmHpA4iZ3wBxluu2fbbE7j4kqlE8jXyAyPXH7HqU=
go.opentelemetry.io/otel v1.44.0/go.mod h1:BMgjTHL9WPRlRjL2oZCBTL4whCGtXch2H4BhOPIAyYc=
go.opentelemetry.io/otel v1.45.0 h1:pdrWmLHofpubmArBv1LgFSv1Z0Ie/ppdZzu+kUN5EeU=
go.opentelemetry.io/otel v1.45.0/go.mod h1:XZxIqPapzEYnhNSScF5DIqXhm/rYi0FzCe2XddAwZfQ=
go.opentelemetry.io/otel/metric v1.44.0 h1:1w0gILTcHdr3YI+ixLyjemwrVnsMURbTZFrSYCdDdmc=
go.opentelemetry.io/otel/metric v1.44.0/go.mod h1:8O7hanEPBNgEMmybD3s2VBKcgWOCsA6tzHBPODAiquo=
go.opentelemetry.io/otel/metric v1.45.0 h1:7Eg1uH7CJ5cXv9is6tnBe1FI6rj1nwUdbFypRm3br/M=
go.opentelemetry.io/otel/metric v1.45.0/go.mod h1:HAPbm1nd3p1PmFH7v2dR+6BjXxw+Lq4a2+pndMAm08s=
go.opentelemetry.io/otel/sdk v1.44.0 h1:nHYwb9lK+fJPU/dnT6s7W7Z8itMWyqrnVfbheVYrZ58=
go.opentelemetry.io/otel/sdk v1.44.0/go.mod h1:Osuydd3Se74nqjAKxid74N5eC+jfEqfTegHRnq58oK0=
go.opentelemetry.io/otel/sdk/metric v1.44.0 h1:3LlKgI+VjbVsjNRFZJZAJ30WjXC5VkNRks6si09iEfI=
go.opentelemetry.io/otel/sdk/metric v1.44.0/go.mod h1:5B5pMARnXxKhltooO4xUuCBorl65a4EpnTalObqOigA=
go.opentelemetry.io/otel/trace v1.44.0 h1:jxF5CsGYCe74MCRx2X4g7WsY/VBKRqqpNvXlX/6gtIk=
go.opentelemetry.io/otel/trace v1.44.0/go.mod h1:oLl1jrMQAVo6v3GAggN+1VH9VIz9iUSvW53sW1Q8PIE=
go.opentelemetry.io/otel/trace v1.45.0 h1:l/mP6Uv7oNO7/TblbhpbgMidxhq1uO/rPsikOyVhxag=
go.opentelemetry.io/otel/trace v1.45.0/go.mod h1:qoJJA2xNMnxRrdISU/kLtfUH2wNeQbiv+jhs/CxI8bc=
golang.org/x/crypto v0.52.0 h1:RMs7fP2rXdep0CftQlK8Uf+kibLm7qkCcradZWYz988=
golang.org/x/crypto v0.52.0/go.mod h1:1QgfPxDqh0T2M/elOJtp9RvuR95kVjir0e6/BvEmGbc=
go.uber.org/atomic v1.11.0 h1:ZvwS0R+56ePWxUNi+Atn9dWONBPp/AUETXlHW0DxSjE=
go.uber.org/atomic v1.11.0/go.mod h1:LUxbIzbOniOlMKjJjyPfpl4v+PKK2cNJn91OQbhoJI0=
golang.org/x/mod v0.37.0 h1:vF1DjpVEshcIqoEaauuHebaLk1O1forxjxBaVn884JQ=
golang.org/x/mod v0.37.0/go.mod h1:m8S8VeM9r4dzDwjrKO0a1sZP3YjeMamRRlD+fmR2Q/0=
golang.org/x/net v0.55.0 h1:bcvxaJn3e1U6InsFWt1JUq1aSjnRxLzT2rtD2KfkDF8=
golang.org/x/net v0.55.0/go.mod h1:L5U2KuzuOe1lY7Z+aWVIKK6qEeJXnXV9yzGA+WCHJww=
golang.org/x/oauth2 v0.36.0 h1:peZ/1z27fi9hUOFCAZaHyrpWG5lwe0RJEEEeH0ThlIs=
golang.org/x/oauth2 v0.36.0/go.mod h1:YDBUJMTkDnJS+A4BP4eZBjCqtokkg1hODuPjwiGPO7Q=
golang.org/x/sync v0.21.0 h1:HLII4xRRTtCRkxYp4HNFF0Js/Og6q2i++KXbg0gHCwM=
golang.org/x/sync v0.21.0/go.mod h1:9xrNwdLfx4jkKbNva9FpL6vEN7evnE43NNNJQ2LF3+0=
golang.org/x/sys v0.6.0/go.mod h1:oPkhp1MJrh7nUepCBck5+mAzfO9JrbApNNgaTdGDITg=
golang.org/x/sys v0.45.0 h1:dO4czNzziLiiXplLQgBCEpCvXQ3dnkn0SdaZSYdQ+FY=
golang.org/x/sys v0.45.0/go.mod h1:4GL1E5IUh+htKOUEOaiffhrAeqysfVGipDYzABqnCmw=
golang.org/x/text v0.39.0 h1:UbZz4pLOvn600D6Oh6GGEI6VAmndrEBLv8/6BEXzyus=
golang.org/x/text v0.39.0/go.mod h1:3UwRclnC2g0TU9x8PZiyfOajCd1zaUNHF9cvqcQZ+ZM=
golang.org/x/tools v0.47.0 h1:7Kn5x/d1svx/PzryTsqeoZN4TZwqeH5pGWjefhLi/1Q=
golang.org/x/tools v0.47.0/go.mod h1:dFHnyTvFWY212G+h7ZY4Vsp/K3U4/7W9TyVaAul8uCA=
gonum.org/v1/gonum v0.17.0 h1:VbpOemQlsSMrYmn7T2OUvQ4dqxQXU+ouZFQsZOx50z4=
gonum.org/v1/gonum v0.17.0/go.mod h1:El3tOrEuMpv2UdMrbNlKEh9vd86bmQ6vqIcDwxEOc1E=
google.golang.org/genproto/googleapis/rpc v0.0.0-20260526163538-3dc84a4a5aaa h1:mZHHdPZl0dbGHCflZgAq/Q468DWVFcU2whhB2KAo8fk=
google.golang.org/genproto/googleapis/rpc v0.0.0-20260526163538-3dc84a4a5aaa/go.mod h1:4Hqkh8ycfw05ld/3BWL7rJOSfebL2Q+DVDeRgYgxUU8=
google.golang.org/grpc v1.83.0 h1:JeNZEKJFbQxArAMl+hiytHauacDNqJUllNfmIMmpqnQ=
google.golang.org/grpc v1.83.0/go.mod h1:kDyl6SKsiHKt0uylY5gtn5cEjkrIOhQOGDgIc4JGwzQ=
google.golang.org/protobuf v1.36.11 h1:fV6ZwhNocDyBLK0dj+fg8ektcVegBBuEolpbTQyBNVE=
google.golang.org/protobuf v1.36.11/go.mod h1:HTf+CrKn2C3g5S8VImy6tdcUvCska2kB7j23XfzDpco=
gopkg.in/check.v1 v0.0.0-20161208181325-20d25e280405/go.mod h1:Co6ibVJAznAaIkqp8huTwlJQCZ016jof/cbN4VW5Yz0=
gopkg.in/yaml.v3 v3.0.0-20200313102051-9f266ea9e77c/go.mod h1:K4uyk7z7BCEPqu6E+C64Yfv1cQ7kz7rIZviUmN+EgEM=
gopkg.in/yaml.v3 v3.0.1 h1:fxVm/GzAzEWqLHuvctI91KS9hhNmmWOoWu0XTYJS7CA=
gopkg.in/yaml.v3 v3.0.1/go.mod h1:K4uyk7z7BCEPqu6E+C64Yfv1cQ7kz7rIZviUmN+EgEM=
modernc.org/cc/v4 v4.21.4 h1:3Be/Rdo1fpr8GrQ7IVw9OHtplU4gWbb+wNgeoBMmGLQ=
modernc.org/cc/v4 v4.21.4/go.mod h1:HM7VJTZbUCR3rV8EYBi9wxnJ0ZBRiGE5OeGXNA0IsLQ=
modernc.org/ccgo/v4 v4.19.2 h1:lwQZgvboKD0jBwdaeVCTouxhxAyN6iawF3STraAal8Y=
modernc.org/ccgo/v4 v4.19.2/go.mod h1:ysS3mxiMV38XGRTTcgo0DQTeTmAO4oCmJl1nX9VFI3s=
modernc.org/fileutil v1.3.0 h1:gQ5SIzK3H9kdfai/5x41oQiKValumqNTDXMvKo62HvE=
modernc.org/fileutil v1.3.0/go.mod h1:XatxS8fZi3pS8/hKG2GH/ArUogfxjpEKs3Ku3aK4JyQ=
modernc.org/gc/v2 v2.4.1 h1:9cNzOqPyMJBvrUipmynX0ZohMhcxPtMccYgGOJdOiBw=
modernc.org/gc/v2 v2.4.1/go.mod h1:wzN5dK1AzVGoH6XOzc3YZ+ey/jPgYHLuVckd62P0GYU=
modernc.org/libc v1.55.3 h1:AzcW1mhlPNrRtjS5sS+eW2ISCgSOLLNyFzRh/V3Qj/U=
modernc.org/libc v1.55.3/go.mod h1:qFXepLhz+JjFThQ4kzwzOjA/y/artDeg+pcYnY+Q83w=
modernc.org/mathutil v1.6.0 h1:fRe9+AmYlaej+64JsEEhoWuAYBkOtQiMEU7n/XgfYi4=
modernc.org/mathutil v1.6.0/go.mod h1:Ui5Q9q1TR2gFm0AQRqQUaBWFLAhQpCwNcuhBOSedWPo=
modernc.org/memory v1.8.0 h1:IqGTL6eFMaDZZhEWwcREgeMXYwmW83LYW8cROZYkg+E=
modernc.org/memory v1.8.0/go.mod h1:XPZ936zp5OMKGWPqbD3JShgd/ZoQ7899TUuQqxY+peU=
modernc.org/opt v0.1.3 h1:3XOZf2yznlhC+ibLltsDGzABUGVx8J6pnFMS3E4dcq4=
modernc.org/opt v0.1.3/go.mod h1:WdSiB5evDcignE70guQKxYUl14mgWtbClRi5wmkkTX0=
modernc.org/sortutil v1.2.0 h1:jQiD3PfS2REGJNzNCMMaLSp/wdMNieTbKX920Cqdgqc=
modernc.org/sortutil v1.2.0/go.mod h1:TKU2s7kJMf1AE84OoiGppNHJwvB753OYfNl2WRb++Ss=
modernc.org/sqlite v1.34.5 h1:Bb6SR13/fjp15jt70CL4f18JIN7p7dnMExd+UFnF15g=
modernc.org/sqlite v1.34.5/go.mod h1:YLuNmX9NKs8wRNK2ko1LW1NGYcc9FkBO69JOt1AR9JE=
modernc.org/strutil v1.2.0 h1:agBi9dp1I+eOnxXeiZawM8F4LawKv4NzGWSaLfyeNZA=
modernc.org/strutil v1.2.0/go.mod h1:/mdcBmfOibveCTBxUl5B5l6W+TTH1FXPLHZE6bTosX0=
modernc.org/token v1.1.0 h1:Xl7Ap9dKaEs5kLoOQeQmPWevfnk/DM5qcLcYlA8ys6Y=
modernc.org/token v1.1.0/go.mod h1:UGzOrNV1mAFSEB63lOFHIpNRUVMvYTc6yu1SMY/XTDM=
